# This file was autogenerated by Stack.
# You should not edit this file by hand.
# For more information, please see the documentation at:
#   https://docs.haskellstack.org/en/stable/lock_files

packages:
- completed:
    hackage: holmes-0.2.0.0@sha256:e64089c76112d2218770a13a78b6a73ea2cd13367777a597eef0f6675d8fc7ae,4505
    pantry-tree:
      size: 3105
      sha256: 21a44f287acb84b8fa3c68e59d73004efff9c34f2d52a35dfe6865cb08611b7b
  original:
    hackage: holmes-0.2.0.0@sha256:e64089c76112d2218770a13a78b6a73ea2cd13367777a597eef0f6675d8fc7ae,4505
snapshots:
- completed:
    size: 491373
    url: https://raw.githubusercontent.com/commercialhaskell/stackage-snapshots/master/lts/15/3.yaml
    sha256: 29e9ff61b8bf4b4fcff55cde3ac106ebb971f0d21331dccac9eee63374fa6ca8
  original: lts-15.3
